// !$*UTF8*$!
{
	archiveVersion = 1;
	classes = {
	};
	objectVersion = 56;
	objects = {

/* Begin PBXBuildFile section */
		1C2A4E2E2A9B896E00B89C8B /* Components.swift in Sources */ = {isa = PBXBuildFile; fileRef = 1C2A4E2D2A9B896E00B89C8B /* Components.swift */; };
		1C406BEF2A9FABFD00BE5F7C /* PayBillView.swift in Sources */ = {isa = PBXBuildFile; fileRef = 1C406BEE2A9FABFD00BE5F7C /* PayBillView.swift */; };
		1C406BF12A9FAC7E00BE5F7C /* AddTransactionView.swift in Sources */ = {isa = PBXBuildFile; fileRef = 1C406BF02A9FAC7E00BE5F7C /* AddTransactionView.swift */; };
		1C6B99932A99E2A800C558A1 /* FinanceApp.swift in Sources */ = {isa = PBXBuildFile; fileRef = 1C6B99922A99E2A800C558A1 /* FinanceApp.swift */; };
		1C6B99952A99E2A800C558A1 /* OnboardingView.swift in Sources */ = {isa = PBXBuildFile; fileRef = 1C6B99942A99E2A800C558A1 /* OnboardingView.swift */; };
		1C6B99972A99E2A900C558A1 /* Assets.xcassets in Resources */ = {isa = PBXBuildFile; fileRef = 1C6B99962A99E2A900C558A1 /* Assets.xcassets */; };
		1C6B999A2A99E2A900C558A1 /* Preview Assets.xcassets in Resources */ = {isa = PBXBuildFile; fileRef = 1C6B99992A99E2A900C558A1 /* Preview Assets.xcassets */; };
		1C6B99A42A99E2A900C558A1 /* FinanceTests.swift in Sources */ = {isa = PBXBuildFile; fileRef = 1C6B99A32A99E2A900C558A1 /* FinanceTests.swift */; };
		1C6B99AE2A99E2A900C558A1 /* FinanceUITests.swift in Sources */ = {isa = PBXBuildFile; fileRef = 1C6B99AD2A99E2A900C558A1 /* FinanceUITests.swift */; };
		1C6B99B02A99E2A900C558A1 /* FinanceUITestsLaunchTests.swift in Sources */ = {isa = PBXBuildFile; fileRef = 1C6B99AF2A99E2A900C558A1 /* FinanceUITestsLaunchTests.swift */; };
		1C6B99BD2A99E38200C558A1 /* Helper.swift in Sources */ = {isa = PBXBuildFile; fileRef = 1C6B99BC2A99E38200C558A1 /* Helper.swift */; };
		1C6B99BF2A9A002E00C558A1 /* Constants.swift in Sources */ = {isa = PBXBuildFile; fileRef = 1C6B99BE2A9A002E00C558A1 /* Constants.swift */; };
		1C6B99C12A9A00D600C558A1 /* HomeView.swift in Sources */ = {isa = PBXBuildFile; fileRef = 1C6B99C02A9A00D600C558A1 /* HomeView.swift */; };
		1C6B99C32A9A0ABD00C558A1 /* Model.swift in Sources */ = {isa = PBXBuildFile; fileRef = 1C6B99C22A9A0ABD00C558A1 /* Model.swift */; };
		1C6B99C52A9A37BE00C558A1 /* TransactionVie.swift in Sources */ = {isa = PBXBuildFile; fileRef = 1C6B99C42A9A37BE00C558A1 /* TransactionVie.swift */; };
		1C9157E62A9B5FE50013CFC7 /* FirebaseServices.swift in Sources */ = {isa = PBXBuildFile; fileRef = 1C9157E52A9B5FE50013CFC7 /* FirebaseServices.swift */; };
		1C9157E92A9B61190013CFC7 /* FirebaseFirestore in Frameworks */ = {isa = PBXBuildFile; productRef = 1C9157E82A9B61190013CFC7 /* FirebaseFirestore */; };
		1C9157EB2A9B61290013CFC7 /* GoogleService-Info.plist in Resources */ = {isa = PBXBuildFile; fileRef = 1C9157EA2A9B61290013CFC7 /* GoogleService-Info.plist */; };
		1C96608B2A9B9E930071BDDA /* TransactionList.swift in Sources */ = {isa = PBXBuildFile; fileRef = 1C96608A2A9B9E930071BDDA /* TransactionList.swift */; };
		1C96608D2A9BA8100071BDDA /* UpdateTransactionView.swift in Sources */ = {isa = PBXBuildFile; fileRef = 1C96608C2A9BA8100071BDDA /* UpdateTransactionView.swift */; };
		1C96608F2A9BB0EA0071BDDA /* ProfileCircle.swift in Sources */ = {isa = PBXBuildFile; fileRef = 1C96608E2A9BB0EA0071BDDA /* ProfileCircle.swift */; };
/* End PBXBuildFile section */

/* Begin PBXContainerItemProxy section */
		1C6B99A02A99E2A900C558A1 /* PBXContainerItemProxy */ = {
			isa = PBXContainerItemProxy;
			containerPortal = 1C6B99872A99E2A800C558A1 /* Project object */;
			proxyType = 1;
			remoteGlobalIDString = 1C6B998E2A99E2A800C558A1;
			remoteInfo = Finance;
		};
		1C6B99AA2A99E2A900C558A1 /* PBXContainerItemProxy */ = {
			isa = PBXContainerItemProxy;
			containerPortal = 1C6B99872A99E2A800C558A1 /* Project object */;
			proxyType = 1;
			remoteGlobalIDString = 1C6B998E2A99E2A800C558A1;
			remoteInfo = Finance;
		};
/* End PBXContainerItemProxy section */

/* Begin PBXFileReference section */
		1C2A4E2D2A9B896E00B89C8B /* Components.swift */ = {isa = PBXFileReference; lastKnownFileType = sourcecode.swift; path = Components.swift; sourceTree = "<group>"; };
		1C406BEE2A9FABFD00BE5F7C /* PayBillView.swift */ = {isa = PBXFileReference; lastKnownFileType = sourcecode.swift; path = PayBillView.swift; sourceTree = "<group>"; };
		1C406BF02A9FAC7E00BE5F7C /* AddTransactionView.swift */ = {isa = PBXFileReference; lastKnownFileType = sourcecode.swift; path = AddTransactionView.swift; sourceTree = "<group>"; };
		1C6B998F2A99E2A800C558A1 /* Finance.app */ = {isa = PBXFileReference; explicitFileType = wrapper.application; includeInIndex = 0; path = Finance.app; sourceTree = BUILT_PRODUCTS_DIR; };
		1C6B99922A99E2A800C558A1 /* FinanceApp.swift */ = {isa = PBXFileReference; lastKnownFileType = sourcecode.swift; path = FinanceApp.swift; sourceTree = "<group>"; };
		1C6B99942A99E2A800C558A1 /* OnboardingView.swift */ = {isa = PBXFileReference; lastKnownFileType = sourcecode.swift; path = OnboardingView.swift; sourceTree = "<group>"; };
		1C6B99962A99E2A900C558A1 /* Assets.xcassets */ = {isa = PBXFileReference; lastKnownFileType = folder.assetcatalog; path = Assets.xcassets; sourceTree = "<group>"; };
		1C6B99992A99E2A900C558A1 /* Preview Assets.xcassets */ = {isa = PBXFileReference; lastKnownFileType = folder.assetcatalog; path = "Preview Assets.xcassets"; sourceTree = "<group>"; };
		1C6B999F2A99E2A900C558A1 /* FinanceTests.xctest */ = {isa = PBXFileReference; explicitFileType = wrapper.cfbundle; includeInIndex = 0; path = FinanceTests.xctest; sourceTree = BUILT_PRODUCTS_DIR; };
		1C6B99A32A99E2A900C558A1 /* FinanceTests.swift */ = {isa = PBXFileReference; lastKnownFileType = sourcecode.swift; path = FinanceTests.swift; sourceTree = "<group>"; };
		1C6B99A92A99E2A900C558A1 /* FinanceUITests.xctest */ = {isa = PBXFileReference; explicitFileType = wrapper.cfbundle; includeInIndex = 0; path = FinanceUITests.xctest; sourceTree = BUILT_PRODUCTS_DIR; };
		1C6B99AD2A99E2A900C558A1 /* FinanceUITests.swift */ = {isa = PBXFileReference; lastKnownFileType = sourcecode.swift; path = FinanceUITests.swift; sourceTree = "<group>"; };
		1C6B99AF2A99E2A900C558A1 /* FinanceUITestsLaunchTests.swift */ = {isa = PBXFileReference; lastKnownFileType = sourcecode.swift; path = FinanceUITestsLaunchTests.swift; sourceTree = "<group>"; };
		1C6B99BC2A99E38200C558A1 /* Helper.swift */ = {isa = PBXFileReference; lastKnownFileType = sourcecode.swift; path = Helper.swift; sourceTree = "<group>"; };
		1C6B99BE2A9A002E00C558A1 /* Constants.swift */ = {isa = PBXFileReference; lastKnownFileType = sourcecode.swift; path = Constants.swift; sourceTree = "<group>"; };
		1C6B99C02A9A00D600C558A1 /* HomeView.swift */ = {isa = PBXFileReference; lastKnownFileType = sourcecode.swift; path = HomeView.swift; sourceTree = "<group>"; };
		1C6B99C22A9A0ABD00C558A1 /* Model.swift */ = {isa = PBXFileReference; lastKnownFileType = sourcecode.swift; path = Model.swift; sourceTree = "<group>"; };
		1C6B99C42A9A37BE00C558A1 /* TransactionVie.swift */ = {isa = PBXFileReference; lastKnownFileType = sourcecode.swift; path = TransactionVie.swift; sourceTree = "<group>"; };
		1C9157E52A9B5FE50013CFC7 /* FirebaseServices.swift */ = {isa = PBXFileReference; lastKnownFileType = sourcecode.swift; path = FirebaseServices.swift; sourceTree = "<group>"; };
		1C9157EA2A9B61290013CFC7 /* GoogleService-Info.plist */ = {isa = PBXFileReference; fileEncoding = 4; lastKnownFileType = text.plist.xml; path = "GoogleService-Info.plist"; sourceTree = "<group>"; };
		1C96608A2A9B9E930071BDDA /* TransactionList.swift */ = {isa = PBXFileReference; lastKnownFileType = sourcecode.swift; path = TransactionList.swift; sourceTree = "<group>"; };
		1C96608C2A9BA8100071BDDA /* UpdateTransactionView.swift */ = {isa = PBXFileReference; lastKnownFileType = sourcecode.swift; path = UpdateTransactionView.swift; sourceTree = "<group>"; };
		1C96608E2A9BB0EA0071BDDA /* ProfileCircle.swift */ = {isa = PBXFileReference; lastKnownFileType = sourcecode.swift; path = ProfileCircle.swift; sourceTree = "<group>"; };
/* End PBXFileReference section */

/* Begin PBXFrameworksBuildPhase section */
		1C6B998C2A99E2A800C558A1 /* Frameworks */ = {
			isa = PBXFrameworksBuildPhase;
			buildActionMask = 2147483647;
			files = (
				1C9157E92A9B61190013CFC7 /* FirebaseFirestore in Frameworks */,
			);
			runOnlyForDeploymentPostprocessing = 0;
		};
		1C6B999C2A99E2A900C558A1 /* Frameworks */ = {
			isa = PBXFrameworksBuildPhase;
			buildActionMask = 2147483647;
			files = (
			);
			runOnlyForDeploymentPostprocessing = 0;
		};
		1C6B99A62A99E2A900C558A1 /* Frameworks */ = {
			isa = PBXFrameworksBuildPhase;
			buildActionMask = 2147483647;
			files = (
			);
			runOnlyForDeploymentPostprocessing = 0;
		};
/* End PBXFrameworksBuildPhase section */

/* Begin PBXGroup section */
		1C6B99862A99E2A800C558A1 = {
			isa = PBXGroup;
			children = (
				1C9157EA2A9B61290013CFC7 /* GoogleService-Info.plist */,
				1C6B99912A99E2A800C558A1 /* Finance */,
				1C6B99A22A99E2A900C558A1 /* FinanceTests */,
				1C6B99AC2A99E2A900C558A1 /* FinanceUITests */,
				1C6B99902A99E2A800C558A1 /* Products */,
			);
			sourceTree = "<group>";
		};
		1C6B99902A99E2A800C558A1 /* Products */ = {
			isa = PBXGroup;
			children = (
				1C6B998F2A99E2A800C558A1 /* Finance.app */,
				1C6B999F2A99E2A900C558A1 /* FinanceTests.xctest */,
				1C6B99A92A99E2A900C558A1 /* FinanceUITests.xctest */,
			);
			name = Products;
			sourceTree = "<group>";
		};
		1C6B99912A99E2A800C558A1 /* Finance */ = {
			isa = PBXGroup;
			children = (
				1C6B99922A99E2A800C558A1 /* FinanceApp.swift */,
				1C6B99942A99E2A800C558A1 /* OnboardingView.swift */,
				1C6B99C02A9A00D600C558A1 /* HomeView.swift */,
				1C96608C2A9BA8100071BDDA /* UpdateTransactionView.swift */,
				1C406BF02A9FAC7E00BE5F7C /* AddTransactionView.swift */,
				1C406BEE2A9FABFD00BE5F7C /* PayBillView.swift */,
				1C96608E2A9BB0EA0071BDDA /* ProfileCircle.swift */,
				1C9157E52A9B5FE50013CFC7 /* FirebaseServices.swift */,
				1C6B99C42A9A37BE00C558A1 /* TransactionVie.swift */,
				1C6B99C22A9A0ABD00C558A1 /* Model.swift */,
				1C6B99BC2A99E38200C558A1 /* Helper.swift */,
				1C2A4E2D2A9B896E00B89C8B /* Components.swift */,
				1C96608A2A9B9E930071BDDA /* TransactionList.swift */,
				1C6B99BE2A9A002E00C558A1 /* Constants.swift */,
				1C6B99962A99E2A900C558A1 /* Assets.xcassets */,
				1C6B99982A99E2A900C558A1 /* Preview Content */,
			);
			path = Finance;
			sourceTree = "<group>";
		};
		1C6B99982A99E2A900C558A1 /* Preview Content */ = {
			isa = PBXGroup;
			children = (
				1C6B99992A99E2A900C558A1 /* Preview Assets.xcassets */,
			);
			path = "Preview Content";
			sourceTree = "<group>";
		};
		1C6B99A22A99E2A900C558A1 /* FinanceTests */ = {
			isa = PBXGroup;
			children = (
				1C6B99A32A99E2A900C558A1 /* FinanceTests.swift */,
			);
			path = FinanceTests;
			sourceTree = "<group>";
		};
		1C6B99AC2A99E2A900C558A1 /* FinanceUITests */ = {
			isa = PBXGroup;
			children = (
				1C6B99AD2A99E2A900C558A1 /* FinanceUITests.swift */,
				1C6B99AF2A99E2A900C558A1 /* FinanceUITestsLaunchTests.swift */,
			);
			path = FinanceUITests;
			sourceTree = "<group>";
		};
/* End PBXGroup section */

/* Begin PBXNativeTarget section */
		1C6B998E2A99E2A800C558A1 /* Finance */ = {
			isa = PBXNativeTarget;
			buildConfigurationList = 1C6B99B32A99E2A900C558A1 /* Build configuration list for PBXNativeTarget "Finance" */;
			buildPhases = (
				1C6B998B2A99E2A800C558A1 /* Sources */,
				1C6B998C2A99E2A800C558A1 /* Frameworks */,
				1C6B998D2A99E2A800C558A1 /* Resources */,
			);
			buildRules = (
			);
			dependencies = (
			);
			name = Finance;
			packageProductDependencies = (
				1C9157E82A9B61190013CFC7 /* FirebaseFirestore */,
			);
			productName = Finance;
			productReference = 1C6B998F2A99E2A800C558A1 /* Finance.app */;
			productType = "com.apple.product-type.application";
		};
		1C6B999E2A99E2A900C558A1 /* FinanceTests */ = {
			isa = PBXNativeTarget;
			buildConfigurationList = 1C6B99B62A99E2A900C558A1 /* Build configuration list for PBXNativeTarget "FinanceTests" */;
			buildPhases = (
				1C6B999B2A99E2A900C558A1 /* Sources */,
				1C6B999C2A99E2A900C558A1 /* Frameworks */,
				1C6B999D2A99E2A900C558A1 /* Resources */,
			);
			buildRules = (
			);
			dependencies = (
				1C6B99A12A99E2A900C558A1 /* PBXTargetDependency */,
			);
			name = FinanceTests;
			productName = FinanceTests;
			productReference = 1C6B999F2A99E2A900C558A1 /* FinanceTests.xctest */;
			productType = "com.apple.product-type.bundle.unit-test";
		};
		1C6B99A82A99E2A900C558A1 /* FinanceUITests */ = {
			isa = PBXNativeTarget;
			buildConfigurationList = 1C6B99B92A99E2A900C558A1 /* Build configuration list for PBXNativeTarget "FinanceUITests" */;
			buildPhases = (
				1C6B99A52A99E2A900C558A1 /* Sources */,
				1C6B99A62A99E2A900C558A1 /* Frameworks */,
				1C6B99A72A99E2A900C558A1 /* Resources */,
			);
			buildRules = (
			);
			dependencies = (
				1C6B99AB2A99E2A900C558A1 /* PBXTargetDependency */,
			);
			name = FinanceUITests;
			productName = FinanceUITests;
			productReference = 1C6B99A92A99E2A900C558A1 /* FinanceUITests.xctest */;
			productType = "com.apple.product-type.bundle.ui-testing";
		};
/* End PBXNativeTarget section */

/* Begin PBXProject section */
		1C6B99872A99E2A800C558A1 /* Project object */ = {
			isa = PBXProject;
			attributes = {
				BuildIndependentTargetsInParallel = 1;
				LastSwiftUpdateCheck = 1430;
				LastUpgradeCheck = 1430;
				TargetAttributes = {
					1C6B998E2A99E2A800C558A1 = {
						CreatedOnToolsVersion = 14.3.1;
					};
					1C6B999E2A99E2A900C558A1 = {
						CreatedOnToolsVersion = 14.3.1;
						TestTargetID = 1C6B998E2A99E2A800C558A1;
					};
					1C6B99A82A99E2A900C558A1 = {
						CreatedOnToolsVersion = 14.3.1;
						TestTargetID = 1C6B998E2A99E2A800C558A1;
					};
				};
			};
			buildConfigurationList = 1C6B998A2A99E2A800C558A1 /* Build configuration list for PBXProject "Finance" */;
			compatibilityVersion = "Xcode 14.0";
			developmentRegion = en;
			hasScannedForEncodings = 0;
			knownRegions = (
				en,
				Base,
			);
			mainGroup = 1C6B99862A99E2A800C558A1;
			packageReferences = (
				1C9157E72A9B61190013CFC7 /* XCRemoteSwiftPackageReference "firebase-ios-sdk" */,
			);
			productRefGroup = 1C6B99902A99E2A800C558A1 /* Products */;
			projectDirPath = "";
			projectRoot = "";
			targets = (
				1C6B998E2A99E2A800C558A1 /* Finance */,
				1C6B999E2A99E2A900C558A1 /* FinanceTests */,
				1C6B99A82A99E2A900C558A1 /* FinanceUITests */,
			);
		};
/* End PBXProject section */

/* Begin PBXResourcesBuildPhase section */
		1C6B998D2A99E2A800C558A1 /* Resources */ = {
			isa = PBXResourcesBuildPhase;
			buildActionMask = 2147483647;
			files = (
				1C6B999A2A99E2A900C558A1 /* Preview Assets.xcassets in Resources */,
				1C6B99972A99E2A900C558A1 /* Assets.xcassets in Resources */,
				1C9157EB2A9B61290013CFC7 /* GoogleService-Info.plist in Resources */,
			);
			runOnlyForDeploymentPostprocessing = 0;
		};
		1C6B999D2A99E2A900C558A1 /* Resources */ = {
			isa = PBXResourcesBuildPhase;
			buildActionMask = 2147483647;
			files = (
			);
			runOnlyForDeploymentPostprocessing = 0;
		};
		1C6B99A72A99E2A900C558A1 /* Resources */ = {
			isa = PBXResourcesBuildPhase;
			buildActionMask = 2147483647;
			files = (
			);
			runOnlyForDeploymentPostprocessing = 0;
		};
/* End PBXResourcesBuildPhase section */

/* Begin PBXSourcesBuildPhase section */
		1C6B998B2A99E2A800C558A1 /* Sources */ = {
			isa = PBXSourcesBuildPhase;
			buildActionMask = 2147483647;
			files = (
				1C6B99952A99E2A800C558A1 /* OnboardingView.swift in Sources */,
				1C406BEF2A9FABFD00BE5F7C /* PayBillView.swift in Sources */,
				1C96608D2A9BA8100071BDDA /* UpdateTransactionView.swift in Sources */,
				1C6B99C52A9A37BE00C558A1 /* TransactionVie.swift in Sources */,
				1C6B99932A99E2A800C558A1 /* FinanceApp.swift in Sources */,
				1C6B99C12A9A00D600C558A1 /* HomeView.swift in Sources */,
				1C6B99C32A9A0ABD00C558A1 /* Model.swift in Sources */,
				1C406BF12A9FAC7E00BE5F7C /* AddTransactionView.swift in Sources */,
				1C6B99BD2A99E38200C558A1 /* Helper.swift in Sources */,
				1C96608B2A9B9E930071BDDA /* TransactionList.swift in Sources */,
				1C9157E62A9B5FE50013CFC7 /* FirebaseServices.swift in Sources */,
				1C96608F2A9BB0EA0071BDDA /* ProfileCircle.swift in Sources */,
				1C2A4E2E2A9B896E00B89C8B /* Components.swift in Sources */,
				1C6B99BF2A9A002E00C558A1 /* Constants.swift in Sources */,
			);
			runOnlyForDeploymentPostprocessing = 0;
		};
		1C6B999B2A99E2A900C558A1 /* Sources */ = {
			isa = PBXSourcesBuildPhase;
			buildActionMask = 2147483647;
			files = (
				1C6B99A42A99E2A900C558A1 /* FinanceTests.swift in Sources */,
			);
			runOnlyForDeploymentPostprocessing = 0;
		};
		1C6B99A52A99E2A900C558A1 /* Sources */ = {
			isa = PBXSourcesBuildPhase;
			buildActionMask = 2147483647;
			files = (
				1C6B99AE2A99E2A900C558A1 /* FinanceUITests.swift in Sources */,
				1C6B99B02A99E2A900C558A1 /* FinanceUITestsLaunchTests.swift in Sources */,
			);
			runOnlyForDeploymentPostprocessing = 0;
		};
/* End PBXSourcesBuildPhase section */

/* Begin PBXTargetDependency section */
		1C6B99A12A99E2A900C558A1 /* PBXTargetDependency */ = {
			isa = PBXTargetDependency;
			target = 1C6B998E2A99E2A800C558A1 /* Finance */;
			targetProxy = 1C6B99A02A99E2A900C558A1 /* PBXContainerItemProxy */;
		};
		1C6B99AB2A99E2A900C558A1 /* PBXTargetDependency */ = {
			isa = PBXTargetDependency;
			target = 1C6B998E2A99E2A800C558A1 /* Finance */;
			targetProxy = 1C6B99AA2A99E2A900C558A1 /* PBXContainerItemProxy */;
		};
/* End PBXTargetDependency section */

/* Begin XCBuildConfiguration section */
		1C6B99B12A99E2A900C558A1 /* Debug */ = {
			isa = XCBuildConfiguration;
			buildSettings = {
				ALWAYS_SEARCH_USER_PATHS = NO;
				CLANG_ANALYZER_NONNULL = YES;
				CLANG_ANALYZER_NUMBER_OBJECT_CONVERSION = YES_AGGRESSIVE;
				CLANG_CXX_LANGUAGE_STANDARD = "gnu++20";
				CLANG_ENABLE_MODULES = YES;
				CLANG_ENABLE_OBJC_ARC = YES;
				CLANG_ENABLE_OBJC_WEAK = YES;
				CLANG_WARN_BLOCK_CAPTURE_AUTORELEASING = YES;
				CLANG_WARN_BOOL_CONVERSION = YES;
				CLANG_WARN_COMMA = YES;
				CLANG_WARN_CONSTANT_CONVERSION = YES;
				CLANG_WARN_DEPRECATED_OBJC_IMPLEMENTATIONS = YES;
				CLANG_WARN_DIRECT_OBJC_ISA_USAGE = YES_ERROR;
				CLANG_WARN_DOCUMENTATION_COMMENTS = YES;
				CLANG_WARN_EMPTY_BODY = YES;
				CLANG_WARN_ENUM_CONVERSION = YES;
				CLANG_WARN_INFINITE_RECURSION = YES;
				CLANG_WARN_INT_CONVERSION = YES;
				CLANG_WARN_NON_LITERAL_NULL_CONVERSION = YES;
				CLANG_WARN_OBJC_IMPLICIT_RETAIN_SELF = YES;
				CLANG_WARN_OBJC_LITERAL_CONVERSION = YES;
				CLANG_WARN_OBJC_ROOT_CLASS = YES_ERROR;
				CLANG_WARN_QUOTED_INCLUDE_IN_FRAMEWORK_HEADER = YES;
				CLANG_WARN_RANGE_LOOP_ANALYSIS = YES;
				CLANG_WARN_STRICT_PROTOTYPES = YES;
				CLANG_WARN_SUSPICIOUS_MOVE = YES;
				CLANG_WARN_UNGUARDED_AVAILABILITY = YES_AGGRESSIVE;
				CLANG_WARN_UNREACHABLE_CODE = YES;
				CLANG_WARN__DUPLICATE_METHOD_MATCH = YES;
				COPY_PHASE_STRIP = NO;
				DEBUG_INFORMATION_FORMAT = dwarf;
				ENABLE_STRICT_OBJC_MSGSEND = YES;
				ENABLE_TESTABILITY = YES;
				GCC_C_LANGUAGE_STANDARD = gnu11;
				GCC_DYNAMIC_NO_PIC = NO;
				GCC_NO_COMMON_BLOCKS = YES;
				GCC_OPTIMIZATION_LEVEL = 0;
				GCC_PREPROCESSOR_DEFINITIONS = (
					"DEBUG=1",
					"$(inherited)",
				);
				GCC_WARN_64_TO_32_BIT_CONVERSION = YES;
				GCC_WARN_ABOUT_RETURN_TYPE = YES_ERROR;
				GCC_WARN_UNDECLARED_SELECTOR = YES;
				GCC_WARN_UNINITIALIZED_AUTOS = YES_AGGRESSIVE;
				GCC_WARN_UNUSED_FUNCTION = YES;
				GCC_WARN_UNUSED_VARIABLE = YES;
				IPHONEOS_DEPLOYMENT_TARGET = 16.4;
				MTL_ENABLE_DEBUG_INFO = INCLUDE_SOURCE;
				MTL_FAST_MATH = YES;
				ONLY_ACTIVE_ARCH = YES;
				SDKROOT = iphoneos;
				SWIFT_ACTIVE_COMPILATION_CONDITIONS = DEBUG;
				SWIFT_OPTIMIZATION_LEVEL = "-Onone";
			};
			name = Debug;
		};
		1C6B99B22A99E2A900C558A1 /* Release */ = {
			isa = XCBuildConfiguration;
			buildSettings = {
				ALWAYS_SEARCH_USER_PATHS = NO;
				CLANG_ANALYZER_NONNULL = YES;
				CLANG_ANALYZER_NUMBER_OBJECT_CONVERSION = YES_AGGRESSIVE;
				CLANG_CXX_LANGUAGE_STANDARD = "gnu++20";
				CLANG_ENABLE_MODULES = YES;
				CLANG_ENABLE_OBJC_ARC = YES;
				CLANG_ENABLE_OBJC_WEAK = YES;
				CLANG_WARN_BLOCK_CAPTURE_AUTORELEASING = YES;
				CLANG_WARN_BOOL_CONVERSION = YES;
				CLANG_WARN_COMMA = YES;
				CLANG_WARN_CONSTANT_CONVERSION = YES;
				CLANG_WARN_DEPRECATED_OBJC_IMPLEMENTATIONS = YES;
				CLANG_WARN_DIRECT_OBJC_ISA_USAGE = YES_ERROR;
				CLANG_WARN_DOCUMENTATION_COMMENTS = YES;
				CLANG_WARN_EMPTY_BODY = YES;
				CLANG_WARN_ENUM_CONVERSION = YES;
				CLANG_WARN_INFINITE_RECURSION = YES;
				CLANG_WARN_INT_CONVERSION = YES;
				CLANG_WARN_NON_LITERAL_NULL_CONVERSION = YES;
				CLANG_WARN_OBJC_IMPLICIT_RETAIN_SELF = YES;
				CLANG_WARN_OBJC_LITERAL_CONVERSION = YES;
				CLANG_WARN_OBJC_ROOT_CLASS = YES_ERROR;
				CLANG_WARN_QUOTED_INCLUDE_IN_FRAMEWORK_HEADER = YES;
				CLANG_WARN_RANGE_LOOP_ANALYSIS = YES;
				CLANG_WARN_STRICT_PROTOTYPES = YES;
				CLANG_WARN_SUSPICIOUS_MOVE = YES;
				CLANG_WARN_UNGUARDED_AVAILABILITY = YES_AGGRESSIVE;
				CLANG_WARN_UNREACHABLE_CODE = YES;
				CLANG_WARN__DUPLICATE_METHOD_MATCH = YES;
				COPY_PHASE_STRIP = NO;
				DEBUG_INFORMATION_FORMAT = "dwarf-with-dsym";
				ENABLE_NS_ASSERTIONS = NO;
				ENABLE_STRICT_OBJC_MSGSEND = YES;
				GCC_C_LANGUAGE_STANDARD = gnu11;
				GCC_NO_COMMON_BLOCKS = YES;
				GCC_WARN_64_TO_32_BIT_CONVERSION = YES;
				GCC_WARN_ABOUT_RETURN_TYPE = YES_ERROR;
				GCC_WARN_UNDECLARED_SELECTOR = YES;
				GCC_WARN_UNINITIALIZED_AUTOS = YES_AGGRESSIVE;
				GCC_WARN_UNUSED_FUNCTION = YES;
				GCC_WARN_UNUSED_VARIABLE = YES;
				IPHONEOS_DEPLOYMENT_TARGET = 16.4;
				MTL_ENABLE_DEBUG_INFO = NO;
				MTL_FAST_MATH = YES;
				SDKROOT = iphoneos;
				SWIFT_COMPILATION_MODE = wholemodule;
				SWIFT_OPTIMIZATION_LEVEL = "-O";
				VALIDATE_PRODUCT = YES;
			};
			name = Release;
		};
		1C6B99B42A99E2A900C558A1 /* Debug */ = {
			isa = XCBuildConfiguration;
			buildSettings = {
				ASSETCATALOG_COMPILER_APPICON_NAME = AppIcon;
				ASSETCATALOG_COMPILER_GLOBAL_ACCENT_COLOR_NAME = AccentColor;
				CODE_SIGN_STYLE = Automatic;
				CURRENT_PROJECT_VERSION = 1;
				DEVELOPMENT_ASSET_PATHS = "\"Finance/Preview Content\"";
				DEVELOPMENT_TEAM = J4ZHKB4N9X;
				ENABLE_PREVIEWS = YES;
				GENERATE_INFOPLIST_FILE = YES;
				INFOPLIST_KEY_CFBundleDisplayName = "Luchha 2.0";
				INFOPLIST_KEY_UIApplicationSceneManifest_Generation = YES;
				INFOPLIST_KEY_UIApplicationSupportsIndirectInputEvents = YES;
				INFOPLIST_KEY_UILaunchScreen_Generation = YES;
				INFOPLIST_KEY_UISupportedInterfaceOrientations_iPad = "UIInterfaceOrientationPortrait UIInterfaceOrientationPortraitUpsideDown UIInterfaceOrientationLandscapeLeft UIInterfaceOrientationLandscapeRight";
				INFOPLIST_KEY_UISupportedInterfaceOrientations_iPhone = "UIInterfaceOrientationPortrait UIInterfaceOrientationLandscapeLeft UIInterfaceOrientationLandscapeRight";
				LD_RUNPATH_SEARCH_PATHS = (
					"$(inherited)",
					"@executable_path/Frameworks",
				);
				MARKETING_VERSION = 1.0;
				PRODUCT_BUNDLE_IDENTIFIER = "test.Finance-example";
				PRODUCT_NAME = "$(TARGET_NAME)";
				SWIFT_EMIT_LOC_STRINGS = YES;
				SWIFT_VERSION = 5.0;
				TARGETED_DEVICE_FAMILY = "1,2";
			};
			name = Debug;
		};
		1C6B99B52A99E2A900C558A1 /* Release */ = {
			isa = XCBuildConfiguration;
			buildSettings = {
				ASSETCATALOG_COMPILER_APPICON_NAME = AppIcon;
				ASSETCATALOG_COMPILER_GLOBAL_ACCENT_COLOR_NAME = AccentColor;
				CODE_SIGN_STYLE = Automatic;
				CURRENT_PROJECT_VERSION = 1;
				DEVELOPMENT_ASSET_PATHS = "\"Finance/Preview Content\"";
				DEVELOPMENT_TEAM = J4ZHKB4N9X;
				ENABLE_PREVIEWS = YES;
				GENERATE_INFOPLIST_FILE = YES;
				INFOPLIST_KEY_CFBundleDisplayName = "Luchha 2.0";
				INFOPLIST_KEY_UIApplicationSceneManifest_Generation = YES;
				INFOPLIST_KEY_UIApplicationSupportsIndirectInputEvents = YES;
				INFOPLIST_KEY_UILaunchScreen_Generation = YES;
				INFOPLIST_KEY_UISupportedInterfaceOrientations_iPad = "UIInterfaceOrientationPortrait UIInterfaceOrientationPortraitUpsideDown UIInterfaceOrientationLandscapeLeft UIInterfaceOrientationLandscapeRight";
				INFOPLIST_KEY_UISupportedInterfaceOrientations_iPhone = "UIInterfaceOrientationPortrait UIInterfaceOrientationLandscapeLeft UIInterfaceOrientationLandscapeRight";
				LD_RUNPATH_SEARCH_PATHS = (
					"$(inherited)",
					"@executable_path/Frameworks",
				);
				MARKETING_VERSION = 1.0;
				PRODUCT_BUNDLE_IDENTIFIER = "test.Finance-example";
				PRODUCT_NAME = "$(TARGET_NAME)";
				SWIFT_EMIT_LOC_STRINGS = YES;
				SWIFT_VERSION = 5.0;
				TARGETED_DEVICE_FAMILY = "1,2";
			};
			name = Release;
		};
		1C6B99B72A99E2A900C558A1 /* Debug */ = {
			isa = XCBuildConfiguration;
			buildSettings = {
				ALWAYS_EMBED_SWIFT_STANDARD_LIBRARIES = YES;
				BUNDLE_LOADER = "$(TEST_HOST)";
				CODE_SIGN_STYLE = Automatic;
				CURRENT_PROJECT_VERSION = 1;
				DEVELOPMENT_TEAM = J4ZHKB4N9X;
				GENERATE_INFOPLIST_FILE = YES;
				IPHONEOS_DEPLOYMENT_TARGET = 16.4;
				MARKETING_VERSION = 1.0;
				PRODUCT_BUNDLE_IDENTIFIER = test.FinanceTests;
				PRODUCT_NAME = "$(TARGET_NAME)";
				SWIFT_EMIT_LOC_STRINGS = NO;
				SWIFT_VERSION = 5.0;
				TARGETED_DEVICE_FAMILY = "1,2";
				TEST_HOST = "$(BUILT_PRODUCTS_DIR)/Finance.app/$(BUNDLE_EXECUTABLE_FOLDER_PATH)/Finance";
			};
			name = Debug;
		};
		1C6B99B82A99E2A900C558A1 /* Release */ = {
			isa = XCBuildConfiguration;
			buildSettings = {
				ALWAYS_EMBED_SWIFT_STANDARD_LIBRARIES = YES;
				BUNDLE_LOADER = "$(TEST_HOST)";
				CODE_SIGN_STYLE = Automatic;
				CURRENT_PROJECT_VERSION = 1;
				DEVELOPMENT_TEAM = J4ZHKB4N9X;
				GENERATE_INFOPLIST_FILE = YES;
				IPHONEOS_DEPLOYMENT_TARGET = 16.4;
				MARKETING_VERSION = 1.0;
				PRODUCT_BUNDLE_IDENTIFIER = test.FinanceTests;
				PRODUCT_NAME = "$(TARGET_NAME)";
				SWIFT_EMIT_LOC_STRINGS = NO;
				SWIFT_VERSION = 5.0;
				TARGETED_DEVICE_FAMILY = "1,2";
				TEST_HOST = "$(BUILT_PRODUCTS_DIR)/Finance.app/$(BUNDLE_EXECUTABLE_FOLDER_PATH)/Finance";
			};
			name = Release;
		};
		1C6B99BA2A99E2A900C558A1 /* Debug */ = {
			isa = XCBuildConfiguration;
			buildSettings = {
				ALWAYS_EMBED_SWIFT_STANDARD_LIBRARIES = YES;
				CODE_SIGN_STYLE = Automatic;
				CURRENT_PROJECT_VERSION = 1;
				DEVELOPMENT_TEAM = J4ZHKB4N9X;
				GENERATE_INFOPLIST_FILE = YES;
				MARKETING_VERSION = 1.0;
				PRODUCT_BUNDLE_IDENTIFIER = test.FinanceUITests;
				PRODUCT_NAME = "$(TARGET_NAME)";
				SWIFT_EMIT_LOC_STRINGS = NO;
				SWIFT_VERSION = 5.0;
				TARGETED_DEVICE_FAMILY = "1,2";
				TEST_TARGET_NAME = Finance;
			};
			name = Debug;
		};
		1C6B99BB2A99E2A900C558A1 /* Release */ = {
			isa = XCBuildConfiguration;
			buildSettings = {
				ALWAYS_EMBED_SWIFT_STANDARD_LIBRARIES = YES;
				CODE_SIGN_STYLE = Automatic;
				CURRENT_PROJECT_VERSION = 1;
				DEVELOPMENT_TEAM = J4ZHKB4N9X;
				GENERATE_INFOPLIST_FILE = YES;
				MARKETING_VERSION = 1.0;
				PRODUCT_BUNDLE_IDENTIFIER = test.FinanceUITests;
				PRODUCT_NAME = "$(TARGET_NAME)";
				SWIFT_EMIT_LOC_STRINGS = NO;
				SWIFT_VERSION = 5.0;
				TARGETED_DEVICE_FAMILY = "1,2";
				TEST_TARGET_NAME = Finance;
			};
			name = Release;
		};
/* End XCBuildConfiguration section */

/* Begin XCConfigurationList section */
		1C6B998A2A99E2A800C558A1 /* Build configuration list for PBXProject "Finance" */ = {
			isa = XCConfigurationList;
			buildConfigurations = (
				1C6B99B12A99E2A900C558A1 /* Debug */,
				1C6B99B22A99E2A900C558A1 /* Release */,
			);
			defaultConfigurationIsVisible = 0;
			defaultConfigurationName = Release;
		};
		1C6B99B32A99E2A900C558A1 /* Build configuration list for PBXNativeTarget "Finance" */ = {
			isa = XCConfigurationList;
			buildConfigurations = (
				1C6B99B42A99E2A900C558A1 /* Debug */,
				1C6B99B52A99E2A900C558A1 /* Release */,
			);
			defaultConfigurationIsVisible = 0;
			defaultConfigurationName = Release;
		};
		1C6B99B62A99E2A900C558A1 /* Build configuration list for PBXNativeTarget "FinanceTests" */ = {
			isa = XCConfigurationList;
			buildConfigurations = (
				1C6B99B72A99E2A900C558A1 /* Debug */,
				1C6B99B82A99E2A900C558A1 /* Release */,
			);
			defaultConfigurationIsVisible = 0;
			defaultConfigurationName = Release;
		};
		1C6B99B92A99E2A900C558A1 /* Build configuration list for PBXNativeTarget "FinanceUITests" */ = {
			isa = XCConfigurationList;
			buildConfigurations = (
				1C6B99BA2A99E2A900C558A1 /* Debug */,
				1C6B99BB2A99E2A900C558A1 /* Release */,
			);
			defaultConfigurationIsVisible = 0;
			defaultConfigurationName = Release;
		};
/* End XCConfigurationList section */

/* Begin XCRemoteSwiftPackageReference section */
		1C9157E72A9B61190013CFC7 /* XCRemoteSwiftPackageReference "firebase-ios-sdk" */ = {
			isa = XCRemoteSwiftPackageReference;
			repositoryURL = "https://github.com/firebase/firebase-ios-sdk";
			requirement = {
				kind = upToNextMajorVersion;
				minimumVersion = 10.0.0;
			};
		};
/* End XCRemoteSwiftPackageReference section */

/* Begin XCSwiftPackageProductDependency section */
		1C9157E82A9B61190013CFC7 /* FirebaseFirestore */ = {
			isa = XCSwiftPackageProductDependency;
			package = 1C9157E72A9B61190013CFC7 /* XCRemoteSwiftPackageReference "firebase-ios-sdk" */;
			productName = FirebaseFirestore;
		};
/* End XCSwiftPackageProductDependency section */
	};
	rootObject = 1C6B99872A99E2A800C558A1 /* Project object */;
}
